{
  "name": "restaurante",
  "version": "0.1.0",
  "lockfileVersion": 1,
  "requires": true,
  "dependencies": {
    "asap": {
      "version": "2.0.6",
      "resolved": "https://artifactory.globoi.com/artifactory/api/npm/shield/asap/-/asap-2.0.6.tgz?dl=https://registry.npmjs.org/asap/-/asap-2.0.6.tgz",
      "integrity": "sha1-5QNHYR1+aQlDIIu9r+vLwvuGbUY="
    },
    "core-js": {
      "version": "1.2.7",
      "resolved": "https://artifactory.globoi.com/artifactory/api/npm/shield/core-js/-/core-js-1.2.7.tgz?dl=https://registry.npmjs.org/core-js/-/core-js-1.2.7.tgz",
      "integrity": "sha1-ZSKUwUZR2yj6k70tX/KYOk8IxjY="
    },
    "encoding": {
      "version": "0.1.12",
      "resolved": "https://artifactory.globoi.com/artifactory/api/npm/shield/encoding/-/encoding-0.1.12.tgz?dl=https://registry.npmjs.org/encoding/-/encoding-0.1.12.tgz",
      "integrity": "sha1-U4tm8+5izRq1HsMjgp0flIDHS+s=",
      "requires": {
        "iconv-lite": "0.4.21"
      }
    },
    "fbjs": {
      "version": "0.8.16",
      "resolved": "https://artifactory.globoi.com/artifactory/api/npm/shield/fbjs/-/fbjs-0.8.16.tgz?dl=https://registry.npmjs.org/fbjs/-/fbjs-0.8.16.tgz",
      "integrity": "sha1-XmdDL1UNxBtXK/VYR7ispk5TN9s=",
      "requires": {
        "core-js": "1.2.7",
        "isomorphic-fetch": "2.2.1",
        "loose-envify": "1.3.1",
        "object-assign": "4.1.1",
        "promise": "7.3.1",
        "setimmediate": "1.0.5",
        "ua-parser-js": "0.7.17"
      }
    },
    "history": {
      "version": "4.7.2",
      "resolved": "https://artifactory.globoi.com/artifactory/api/npm/shield/history/-/history-4.7.2.tgz?dl=https://registry.npmjs.org/history/-/history-4.7.2.tgz",
      "integrity": "sha1-IrXH8xYzxbgCHH9KipVKwTnujVs=",
      "requires": {
        "invariant": "2.2.4",
        "loose-envify": "1.3.1",
        "resolve-pathname": "2.2.0",
        "value-equal": "0.4.0",
        "warning": "3.0.0"
      }
    },
    "hoist-non-react-statics": {
      "version": "2.5.0",
      "resolved": "https://artifactory.globoi.com/artifactory/api/npm/shield/hoist-non-react-statics/-/hoist-non-react-statics-2.5.0.tgz?dl=https://registry.npmjs.org/hoist-non-react-statics/-/hoist-non-react-statics-2.5.0.tgz",
      "integrity": "sha1-0sot/BnFqRxaZhXOjlZO8DR+KkA="
    },
    "iconv-lite": {
      "version": "0.4.21",
      "resolved": "https://artifactory.globoi.com/artifactory/api/npm/shield/iconv-lite/-/iconv-lite-0.4.21.tgz?dl=https://registry.npmjs.org/iconv-lite/-/iconv-lite-0.4.21.tgz",
      "integrity": "sha1-xH+HM9AhcRievEpADzIY00gJR5g=",
      "requires": {
        "safer-buffer": "2.1.2"
      }
    },
    "invariant": {
      "version": "2.2.4",
      "resolved": "https://artifactory.globoi.com/artifactory/api/npm/shield/invariant/-/invariant-2.2.4.tgz?dl=https://registry.npmjs.org/invariant/-/invariant-2.2.4.tgz",
      "integrity": "sha1-YQ88ksk1nOHbYW5TgAjSP/NRWOY=",
      "requires": {
        "loose-envify": "1.3.1"
      }
    },
    "is-stream": {
      "version": "1.1.0",
      "resolved": "https://artifactory.globoi.com/artifactory/api/npm/shield/is-stream/-/is-stream-1.1.0.tgz?dl=https://registry.npmjs.org/is-stream/-/is-stream-1.1.0.tgz",
      "integrity": "sha1-EtSj3U5o4Lec6428hBc66A2RykQ="
    },
    "isarray": {
      "version": "0.0.1",
      "resolved": "https://artifactory.globoi.com/artifactory/api/npm/shield/isarray/-/isarray-0.0.1.tgz?dl=https://registry.npmjs.org/isarray/-/isarray-0.0.1.tgz",
      "integrity": "sha1-ihis/Kmo9Bd+Cav8YDiTmwXR7t8="
    },
    "isomorphic-fetch": {
      "version": "2.2.1",
      "resolved": "https://artifactory.globoi.com/artifactory/api/npm/shield/isomorphic-fetch/-/isomorphic-fetch-2.2.1.tgz?dl=https://registry.npmjs.org/isomorphic-fetch/-/isomorphic-fetch-2.2.1.tgz",
      "integrity": "sha1-YRrhrPFPXoH3KVB0coGf6XM1WKk=",
      "requires": {
        "node-fetch": "1.7.3",
        "whatwg-fetch": "2.0.4"
      }
    },
    "js-tokens": {
      "version": "3.0.2",
      "resolved": "https://artifactory.globoi.com/artifactory/api/npm/shield/js-tokens/-/js-tokens-3.0.2.tgz?dl=https://registry.npmjs.org/js-tokens/-/js-tokens-3.0.2.tgz",
      "integrity": "sha1-mGbfOVECEw449/mWvOtlRDIJwls="
    },
    "loose-envify": {
      "version": "1.3.1",
      "resolved": "https://artifactory.globoi.com/artifactory/api/npm/shield/loose-envify/-/loose-envify-1.3.1.tgz?dl=https://registry.npmjs.org/loose-envify/-/loose-envify-1.3.1.tgz",
      "integrity": "sha1-0aitM/qc4OcT1l/dCsi3SNR4yEg=",
      "requires": {
        "js-tokens": "3.0.2"
      }
    },
    "node-fetch": {
      "version": "1.7.3",
      "resolved": "https://artifactory.globoi.com/artifactory/api/npm/shield/node-fetch/-/node-fetch-1.7.3.tgz?dl=https://registry.npmjs.org/node-fetch/-/node-fetch-1.7.3.tgz",
      "integrity": "sha1-mA9vcthSEaU0fGsrwYxbhMPrR+8=",
      "requires": {
        "encoding": "0.1.12",
        "is-stream": "1.1.0"
      }
    },
    "object-assign": {
      "version": "4.1.1",
      "resolved": "https://artifactory.globoi.com/artifactory/api/npm/shield/object-assign/-/object-assign-4.1.1.tgz?dl=https://registry.npmjs.org/object-assign/-/object-assign-4.1.1.tgz",
      "integrity": "sha1-IQmtx5ZYh8/AXLvUQsrIv7s2CGM="
    },
    "path-to-regexp": {
      "version": "1.7.0",
      "resolved": "https://artifactory.globoi.com/artifactory/api/npm/shield/path-to-regexp/-/path-to-regexp-1.7.0.tgz?dl=https://registry.npmjs.org/path-to-regexp/-/path-to-regexp-1.7.0.tgz",
      "integrity": "sha1-Wf3g9DW62suhA6hOnTvGTpa5k30=",
      "requires": {
        "isarray": "0.0.1"
      }
    },
    "promise": {
      "version": "7.3.1",
      "resolved": "https://artifactory.globoi.com/artifactory/api/npm/shield/promise/-/promise-7.3.1.tgz?dl=https://registry.npmjs.org/promise/-/promise-7.3.1.tgz",
      "integrity": "sha1-BktyYCsY+Q8pGSuLG8QY/9Hr078=",
      "requires": {
        "asap": "2.0.6"
      }
    },
    "prop-types": {
      "version": "15.6.1",
      "resolved": "https://artifactory.globoi.com/artifactory/api/npm/shield/prop-types/-/prop-types-15.6.1.tgz?dl=https://registry.npmjs.org/prop-types/-/prop-types-15.6.1.tgz",
      "integrity": "sha1-NmREU1ZCVd3aORGR+zoSXL32VMo=",
      "requires": {
        "fbjs": "0.8.16",
        "loose-envify": "1.3.1",
        "object-assign": "4.1.1"
      }
    },
    "react-router": {
      "version": "4.2.0",
      "resolved": "https://artifactory.globoi.com/artifactory/api/npm/shield/react-router/-/react-router-4.2.0.tgz?dl=https://registry.npmjs.org/react-router/-/react-router-4.2.0.tgz",
      "integrity": "sha1-Yfez43cNrrJAYtrj7t7xsFQVWYY=",
      "requires": {
        "history": "4.7.2",
        "hoist-non-react-statics": "2.5.0",
        "invariant": "2.2.4",
        "loose-envify": "1.3.1",
        "path-to-regexp": "1.7.0",
        "prop-types": "15.6.1",
        "warning": "3.0.0"
      }
    },
    "react-router-dom": {
      "version": "4.2.2",
      "resolved": "https://artifactory.globoi.com/artifactory/api/npm/shield/react-router-dom/-/react-router-dom-4.2.2.tgz?dl=https://registry.npmjs.org/react-router-dom/-/react-router-dom-4.2.2.tgz",
      "integrity": "sha1-yKgd863Fi7qKdngulGy9Tq5km40=",
      "requires": {
        "history": "4.7.2",
        "invariant": "2.2.4",
        "loose-envify": "1.3.1",
        "prop-types": "15.6.1",
        "react-router": "4.2.0",
        "warning": "3.0.0"
      }
    },
    "resolve-pathname": {
      "version": "2.2.0",
      "resolved": "https://artifactory.globoi.com/artifactory/api/npm/shield/resolve-pathname/-/resolve-pathname-2.2.0.tgz?dl=https://registry.npmjs.org/resolve-pathname/-/resolve-pathname-2.2.0.tgz",
      "integrity": "sha1-fpriHtgV/WOrGJre7mTcgx7vqHk="
    },
    "safer-buffer": {
      "version": "2.1.2",
      "resolved": "https://artifactory.globoi.com/artifactory/api/npm/shield/safer-buffer/-/safer-buffer-2.1.2.tgz?dl=https://registry.npmjs.org/safer-buffer/-/safer-buffer-2.1.2.tgz",
      "integrity": "sha1-RPoWGwGHuVSd2Eu5GAL5vYOFzWo="
    },
    "setimmediate": {
      "version": "1.0.5",
      "resolved": "https://artifactory.globoi.com/artifactory/api/npm/shield/setimmediate/-/setimmediate-1.0.5.tgz?dl=https://registry.npmjs.org/setimmediate/-/setimmediate-1.0.5.tgz",
      "integrity": "sha1-KQy7Iy4waULX1+qbg3Mqt4VvgoU="
    },
    "ua-parser-js": {
      "version": "0.7.17",
      "resolved": "https://artifactory.globoi.com/artifactory/api/npm/shield/ua-parser-js/-/ua-parser-js-0.7.17.tgz?dl=https://registry.npmjs.org/ua-parser-js/-/ua-parser-js-0.7.17.tgz",
      "integrity": "sha1-6exflJi57JEOeuOsYmqAXE0J7Kw="
    },
    "value-equal": {
      "version": "0.4.0",
      "resolved": "https://artifactory.globoi.com/artifactory/api/npm/shield/value-equal/-/value-equal-0.4.0.tgz?dl=https://registry.npmjs.org/value-equal/-/value-equal-0.4.0.tgz",
      "integrity": "sha1-xb3S9U7gk8BIOdcc4uR1imiQq8c="
    },
    "warning": {
      "version": "3.0.0",
      "resolved": "https://artifactory.globoi.com/artifactory/api/npm/shield/warning/-/warning-3.0.0.tgz?dl=https://registry.npmjs.org/warning/-/warning-3.0.0.tgz",
      "integrity": "sha1-MuU3fLVy3kqwR1O9+IIcAe1gW3w=",
      "requires": {
        "loose-envify": "1.3.1"
      }
    },
    "whatwg-fetch": {
      "version": "2.0.4",
      "resolved": "https://artifactory.globoi.com/artifactory/api/npm/shield/whatwg-fetch/-/whatwg-fetch-2.0.4.tgz?dl=https://registry.npmjs.org/whatwg-fetch/-/whatwg-fetch-2.0.4.tgz",
      "integrity": "sha1-3eal3zFfnTmZGqF2IYU9cguFVm8="
    }
  }
}
